
Microsoft Visual Studio Solution File, Format Version 12.00
# Visual Studio Version 17
VisualStudioVersion = 17.0.31903.59
MinimumVisualStudioVersion = 10.0.40219.1
Project("{FAE04EC0-301F-11D3-BF4B-00C04F79EFBC}") = "SnakeAI-AgentClient", "SnakeAI-AgentClient\SnakeAI-AgentClient.csproj", "{FB1492BF-0657-4E6C-A15D-2923C14E7733}"
EndProject
Project("{FAE04EC0-301F-11D3-BF4B-00C04F79EFBC}") = "SnakeAI-PlayerClient", "SnakeAI-PlayerClient\SnakeAI-PlayerClient.csproj", "{90AF726E-3D75-4E12-852A-033EF64B61B9}"
EndProject
Project("{2150E333-8FDC-42A3-9474-1A3956D46DE8}") = "lib", "lib", "{3A8DF596-E814-FECC-DD4B-D8EF8AAC1A0D}"
EndProject
Project("{FAE04EC0-301F-11D3-BF4B-00C04F79EFBC}") = "PhotonRealtimeApi", "lib\PhotonRealtimeApi\PhotonRealtimeApi.csproj", "{35B838BB-E2D0-45DE-8F86-A08BBB55B866}"
EndProject
Project("{FAE04EC0-301F-11D3-BF4B-00C04F79EFBC}") = "SnakeAI-AdminClient", "SnakeAI-AdminClient\SnakeAI-AdminClient.csproj", "{7FF288A3-CC7D-4CEE-82EE-E9E8C401EEC9}"
EndProject
Global
	GlobalSection(SolutionConfigurationPlatforms) = preSolution
		Debug|Any CPU = Debug|Any CPU
		Debug|x64 = Debug|x64
		Debug|x86 = Debug|x86
		Release|Any CPU = Release|Any CPU
		Release|x64 = Release|x64
		Release|x86 = Release|x86
	EndGlobalSection
	GlobalSection(ProjectConfigurationPlatforms) = postSolution
		{FB1492BF-0657-4E6C-A15D-2923C14E7733}.Debug|Any CPU.ActiveCfg = Debug|Any CPU
		{FB1492BF-0657-4E6C-A15D-2923C14E7733}.Debug|Any CPU.Build.0 = Debug|Any CPU
		{FB1492BF-0657-4E6C-A15D-2923C14E7733}.Debug|x64.ActiveCfg = Debug|Any CPU
		{FB1492BF-0657-4E6C-A15D-2923C14E7733}.Debug|x64.Build.0 = Debug|Any CPU
		{FB1492BF-0657-4E6C-A15D-2923C14E7733}.Debug|x86.ActiveCfg = Debug|Any CPU
		{FB1492BF-0657-4E6C-A15D-2923C14E7733}.Debug|x86.Build.0 = Debug|Any CPU
		{FB1492BF-0657-4E6C-A15D-2923C14E7733}.Release|Any CPU.ActiveCfg = Release|Any CPU
		{FB1492BF-0657-4E6C-A15D-2923C14E7733}.Release|Any CPU.Build.0 = Release|Any CPU
		{FB1492BF-0657-4E6C-A15D-2923C14E7733}.Release|x64.ActiveCfg = Release|Any CPU
		{FB1492BF-0657-4E6C-A15D-2923C14E7733}.Release|x64.Build.0 = Release|Any CPU
		{FB1492BF-0657-4E6C-A15D-2923C14E7733}.Release|x86.ActiveCfg = Release|Any CPU
		{FB1492BF-0657-4E6C-A15D-2923C14E7733}.Release|x86.Build.0 = Release|Any CPU
		{90AF726E-3D75-4E12-852A-033EF64B61B9}.Debug|Any CPU.ActiveCfg = Debug|Any CPU
		{90AF726E-3D75-4E12-852A-033EF64B61B9}.Debug|Any CPU.Build.0 = Debug|Any CPU
		{90AF726E-3D75-4E12-852A-033EF64B61B9}.Debug|x64.ActiveCfg = Debug|Any CPU
		{90AF726E-3D75-4E12-852A-033EF64B61B9}.Debug|x64.Build.0 = Debug|Any CPU
		{90AF726E-3D75-4E12-852A-033EF64B61B9}.Debug|x86.ActiveCfg = Debug|Any CPU
		{90AF726E-3D75-4E12-852A-033EF64B61B9}.Debug|x86.Build.0 = Debug|Any CPU
		{90AF726E-3D75-4E12-852A-033EF64B61B9}.Release|Any CPU.ActiveCfg = Release|Any CPU
		{90AF726E-3D75-4E12-852A-033EF64B61B9}.Release|Any CPU.Build.0 = Release|Any CPU
		{90AF726E-3D75-4E12-852A-033EF64B61B9}.Release|x64.ActiveCfg = Release|Any CPU
		{90AF726E-3D75-4E12-852A-033EF64B61B9}.Release|x64.Build.0 = Release|Any CPU
		{90AF726E-3D75-4E12-852A-033EF64B61B9}.Release|x86.ActiveCfg = Release|Any CPU
		{90AF726E-3D75-4E12-852A-033EF64B61B9}.Release|x86.Build.0 = Release|Any CPU
		{35B838BB-E2D0-45DE-8F86-A08BBB55B866}.Debug|Any CPU.ActiveCfg = Debug|Any CPU
		{35B838BB-E2D0-45DE-8F86-A08BBB55B866}.Debug|Any CPU.Build.0 = Debug|Any CPU
		{35B838BB-E2D0-45DE-8F86-A08BBB55B866}.Debug|x64.ActiveCfg = Debug|Any CPU
		{35B838BB-E2D0-45DE-8F86-A08BBB55B866}.Debug|x64.Build.0 = Debug|Any CPU
		{35B838BB-E2D0-45DE-8F86-A08BBB55B866}.Debug|x86.ActiveCfg = Debug|Any CPU
		{35B838BB-E2D0-45DE-8F86-A08BBB55B866}.Debug|x86.Build.0 = Debug|Any CPU
		{35B838BB-E2D0-45DE-8F86-A08BBB55B866}.Release|Any CPU.ActiveCfg = Release|Any CPU
		{35B838BB-E2D0-45DE-8F86-A08BBB55B866}.Release|Any CPU.Build.0 = Release|Any CPU
		{35B838BB-E2D0-45DE-8F86-A08BBB55B866}.Release|x64.ActiveCfg = Release|Any CPU
		{35B838BB-E2D0-45DE-8F86-A08BBB55B866}.Release|x64.Build.0 = Release|Any CPU
		{35B838BB-E2D0-45DE-8F86-A08BBB55B866}.Release|x86.ActiveCfg = Release|Any CPU
		{35B838BB-E2D0-45DE-8F86-A08BBB55B866}.Release|x86.Build.0 = Release|Any CPU
		{7FF288A3-CC7D-4CEE-82EE-E9E8C401EEC9}.Debug|Any CPU.ActiveCfg = Debug|Any CPU
		{7FF288A3-CC7D-4CEE-82EE-E9E8C401EEC9}.Debug|Any CPU.Build.0 = Debug|Any CPU
		{7FF288A3-CC7D-4CEE-82EE-E9E8C401EEC9}.Debug|x64.ActiveCfg = Debug|Any CPU
		{7FF288A3-CC7D-4CEE-82EE-E9E8C401EEC9}.Debug|x64.Build.0 = Debug|Any CPU
		{7FF288A3-CC7D-4CEE-82EE-E9E8C401EEC9}.Debug|x86.ActiveCfg = Debug|Any CPU
		{7FF288A3-CC7D-4CEE-82EE-E9E8C401EEC9}.Debug|x86.Build.0 = Debug|Any CPU
		{7FF288A3-CC7D-4CEE-82EE-E9E8C401EEC9}.Release|Any CPU.ActiveCfg = Release|Any CPU
		{7FF288A3-CC7D-4CEE-82EE-E9E8C401EEC9}.Release|Any CPU.Build.0 = Release|Any CPU
		{7FF288A3-CC7D-4CEE-82EE-E9E8C401EEC9}.Release|x64.ActiveCfg = Release|Any CPU
		{7FF288A3-CC7D-4CEE-82EE-E9E8C401EEC9}.Release|x64.Build.0 = Release|Any CPU
		{7FF288A3-CC7D-4CEE-82EE-E9E8C401EEC9}.Release|x86.ActiveCfg = Release|Any CPU
		{7FF288A3-CC7D-4CEE-82EE-E9E8C401EEC9}.Release|x86.Build.0 = Release|Any CPU
	EndGlobalSection
	GlobalSection(SolutionProperties) = preSolution
		HideSolutionNode = FALSE
	EndGlobalSection
	GlobalSection(NestedProjects) = preSolution
		{35B838BB-E2D0-45DE-8F86-A08BBB55B866} = {3A8DF596-E814-FECC-DD4B-D8EF8AAC1A0D}
	EndGlobalSection
EndGlobal
